
Microsoft Visual Studio Solution File, Format Version 12.00
# Visual Studio Version 17
VisualStudioVersion = 17.5.33530.505
MinimumVisualStudioVersion = 10.0.40219.1
Project("{FAE04EC0-301F-11D3-BF4B-00C04F79EFBC}") = "Kakao", "Kakao\Kakao.csproj", "{50BBB915-815C-4678-90B6-C635F35C1C8B}"
EndProject
Global
	GlobalSection(SolutionConfigurationPlatforms) = preSolution
		Debug|Any CPU = Debug|Any CPU
		Release|Any CPU = Release|Any CPU
	EndGlobalSection
	GlobalSection(ProjectConfigurationPlatforms) = postSolution
		{50BBB915-815C-4678-90B6-C635F35C1C8B}.Debug|Any CPU.ActiveCfg = Debug|Any CPU
		{50BBB915-815C-4678-90B6-C635F35C1C8B}.Debug|Any CPU.Build.0 = Debug|Any CPU
		{50BBB915-815C-4678-90B6-C635F35C1C8B}.Release|Any CPU.ActiveCfg = Release|Any CPU
		{50BBB915-815C-4678-90B6-C635F35C1C8B}.Release|Any CPU.Build.0 = Release|Any CPU
	EndGlobalSection
	GlobalSection(SolutionProperties) = preSolution
		HideSolutionNode = FALSE
	EndGlobalSection
	GlobalSection(ExtensibilityGlobals) = postSolution
		SolutionGuid = {61FBDAA0-E5F2-4F8C-9497-E9455AEFAC64}
	EndGlobalSection
EndGlobal
