
Microsoft Visual Studio Solution File, Format Version 12.00
# Visual Studio Version 17
VisualStudioVersion = 17.5.33530.505
MinimumVisualStudioVersion = 10.0.40219.1
Project("{FAE04EC0-301F-11D3-BF4B-00C04F79EFBC}") = "Kakao", "Kakao\Kakao.csproj", "{50BBB915-815C-4678-90B6-C635F35C1C8B}"
EndProject
Project("{FAE04EC0-301F-11D3-BF4B-00C04F79EFBC}") = "KaKao.Forms", "KaKao.Forms\KaKao.Forms.csproj", "{80E8B438-4FD6-454D-AEBE-015B4E66182A}"
EndProject
Project("{FAE04EC0-301F-11D3-BF4B-00C04F79EFBC}") = "KaKao.Login", "KaKao.Login\KaKao.Login.csproj", "{9D25FDCF-6F62-4C61-B1E3-62DA7FD77319}"
EndProject
Project("{2150E333-8FDC-42A3-9474-1A3956D46DE8}") = "Studio", "Studio", "{ED12273B-32D1-4718-A2CA-444D3C39DEC4}"
EndProject
Project("{2150E333-8FDC-42A3-9474-1A3956D46DE8}") = "Partial", "Partial", "{B942B59F-2DFB-4C0A-9D84-04DEF9A65B06}"
EndProject
Project("{FAE04EC0-301F-11D3-BF4B-00C04F79EFBC}") = "KaKao.Friend", "KaKao.Friend\KaKao.Friend.csproj", "{71897E83-F3A9-46D6-AE1C-1C2F95C6D384}"
EndProject
Global
	GlobalSection(SolutionConfigurationPlatforms) = preSolution
		Debug|Any CPU = Debug|Any CPU
		Release|Any CPU = Release|Any CPU
	EndGlobalSection
	GlobalSection(ProjectConfigurationPlatforms) = postSolution
		{50BBB915-815C-4678-90B6-C635F35C1C8B}.Debug|Any CPU.ActiveCfg = Debug|Any CPU
		{50BBB915-815C-4678-90B6-C635F35C1C8B}.Debug|Any CPU.Build.0 = Debug|Any CPU
		{50BBB915-815C-4678-90B6-C635F35C1C8B}.Release|Any CPU.ActiveCfg = Release|Any CPU
		{50BBB915-815C-4678-90B6-C635F35C1C8B}.Release|Any CPU.Build.0 = Release|Any CPU
		{80E8B438-4FD6-454D-AEBE-015B4E66182A}.Debug|Any CPU.ActiveCfg = Debug|Any CPU
		{80E8B438-4FD6-454D-AEBE-015B4E66182A}.Debug|Any CPU.Build.0 = Debug|Any CPU
		{80E8B438-4FD6-454D-AEBE-015B4E66182A}.Release|Any CPU.ActiveCfg = Release|Any CPU
		{80E8B438-4FD6-454D-AEBE-015B4E66182A}.Release|Any CPU.Build.0 = Release|Any CPU
		{9D25FDCF-6F62-4C61-B1E3-62DA7FD77319}.Debug|Any CPU.ActiveCfg = Debug|Any CPU
		{9D25FDCF-6F62-4C61-B1E3-62DA7FD77319}.Debug|Any CPU.Build.0 = Debug|Any CPU
		{9D25FDCF-6F62-4C61-B1E3-62DA7FD77319}.Release|Any CPU.ActiveCfg = Release|Any CPU
		{9D25FDCF-6F62-4C61-B1E3-62DA7FD77319}.Release|Any CPU.Build.0 = Release|Any CPU
		{71897E83-F3A9-46D6-AE1C-1C2F95C6D384}.Debug|Any CPU.ActiveCfg = Debug|Any CPU
		{71897E83-F3A9-46D6-AE1C-1C2F95C6D384}.Debug|Any CPU.Build.0 = Debug|Any CPU
		{71897E83-F3A9-46D6-AE1C-1C2F95C6D384}.Release|Any CPU.ActiveCfg = Release|Any CPU
		{71897E83-F3A9-46D6-AE1C-1C2F95C6D384}.Release|Any CPU.Build.0 = Release|Any CPU
	EndGlobalSection
	GlobalSection(SolutionProperties) = preSolution
		HideSolutionNode = FALSE
	EndGlobalSection
	GlobalSection(NestedProjects) = preSolution
		{50BBB915-815C-4678-90B6-C635F35C1C8B} = {ED12273B-32D1-4718-A2CA-444D3C39DEC4}
		{80E8B438-4FD6-454D-AEBE-015B4E66182A} = {B942B59F-2DFB-4C0A-9D84-04DEF9A65B06}
		{9D25FDCF-6F62-4C61-B1E3-62DA7FD77319} = {B942B59F-2DFB-4C0A-9D84-04DEF9A65B06}
		{71897E83-F3A9-46D6-AE1C-1C2F95C6D384} = {B942B59F-2DFB-4C0A-9D84-04DEF9A65B06}
	EndGlobalSection
	GlobalSection(ExtensibilityGlobals) = postSolution
		SolutionGuid = {61FBDAA0-E5F2-4F8C-9497-E9455AEFAC64}
	EndGlobalSection
EndGlobal
